
Microsoft Visual Studio Solution File, Format Version 12.00
# Visual Studio 15
Project("{FAE04EC0-301F-11D3-BF4B-00C04F79EFBC}") = "Assembly-CSharp", "Assembly-CSharp.csproj", "{FE7FE9A8-7728-EAF9-5F63-1B074998A16F}"
EndProject
Project("{FAE04EC0-301F-11D3-BF4B-00C04F79EFBC}") = "Assembly-CSharp-firstpass", "Assembly-CSharp-firstpass.csproj", "{EE2E3916-AAB4-E9CD-C9F4-E3B1A8F1D122}"
EndProject
Project("{FAE04EC0-301F-11D3-BF4B-00C04F79EFBC}") = "Assembly-CSharp-Editor-firstpass", "Assembly-CSharp-Editor-firstpass.csproj", "{F3906391-1A81-B47F-BB16-52428CAD30A5}"
EndProject
Project("{FAE04EC0-301F-11D3-BF4B-00C04F79EFBC}") = "Assembly-CSharp-Editor", "Assembly-CSharp-Editor.csproj", "{6D893C2F-31BF-DB26-D34F-18CF2A4C2658}"
EndProject
Global
	GlobalSection(SolutionConfigurationPlatforms) = preSolution
		Debug|Any CPU = Debug|Any CPU
		Release|Any CPU = Release|Any CPU
	EndGlobalSection
	GlobalSection(ProjectConfigurationPlatforms) = postSolution
		{FE7FE9A8-7728-EAF9-5F63-1B074998A16F}.Debug|Any CPU.ActiveCfg = Debug|Any CPU
		{FE7FE9A8-7728-EAF9-5F63-1B074998A16F}.Debug|Any CPU.Build.0 = Debug|Any CPU
		{FE7FE9A8-7728-EAF9-5F63-1B074998A16F}.Release|Any CPU.ActiveCfg = Release|Any CPU
		{FE7FE9A8-7728-EAF9-5F63-1B074998A16F}.Release|Any CPU.Build.0 = Release|Any CPU
		{EE2E3916-AAB4-E9CD-C9F4-E3B1A8F1D122}.Debug|Any CPU.ActiveCfg = Debug|Any CPU
		{EE2E3916-AAB4-E9CD-C9F4-E3B1A8F1D122}.Debug|Any CPU.Build.0 = Debug|Any CPU
		{EE2E3916-AAB4-E9CD-C9F4-E3B1A8F1D122}.Release|Any CPU.ActiveCfg = Release|Any CPU
		{EE2E3916-AAB4-E9CD-C9F4-E3B1A8F1D122}.Release|Any CPU.Build.0 = Release|Any CPU
		{F3906391-1A81-B47F-BB16-52428CAD30A5}.Debug|Any CPU.ActiveCfg = Debug|Any CPU
		{F3906391-1A81-B47F-BB16-52428CAD30A5}.Debug|Any CPU.Build.0 = Debug|Any CPU
		{F3906391-1A81-B47F-BB16-52428CAD30A5}.Release|Any CPU.ActiveCfg = Release|Any CPU
		{F3906391-1A81-B47F-BB16-52428CAD30A5}.Release|Any CPU.Build.0 = Release|Any CPU
		{6D893C2F-31BF-DB26-D34F-18CF2A4C2658}.Debug|Any CPU.ActiveCfg = Debug|Any CPU
		{6D893C2F-31BF-DB26-D34F-18CF2A4C2658}.Debug|Any CPU.Build.0 = Debug|Any CPU
		{6D893C2F-31BF-DB26-D34F-18CF2A4C2658}.Release|Any CPU.ActiveCfg = Release|Any CPU
		{6D893C2F-31BF-DB26-D34F-18CF2A4C2658}.Release|Any CPU.Build.0 = Release|Any CPU
	EndGlobalSection
	GlobalSection(SolutionProperties) = preSolution
		HideSolutionNode = FALSE
	EndGlobalSection
EndGlobal
